
Microsoft Visual Studio Solution File, Format Version 12.00
# Visual Studio Version 17
VisualStudioVersion = 17.5.33530.505
MinimumVisualStudioVersion = 10.0.40219.1
Project("{FAE04EC0-301F-11D3-BF4B-00C04F79EFBC}") = "Reservation", "Reservation\Reservation.csproj", "{400B1242-571A-4DFF-B325-F1783BBCCAFE}"
EndProject
Global
	GlobalSection(SolutionConfigurationPlatforms) = preSolution
		Debug|Any CPU = Debug|Any CPU
		Release|Any CPU = Release|Any CPU
	EndGlobalSection
	GlobalSection(ProjectConfigurationPlatforms) = postSolution
		{400B1242-571A-4DFF-B325-F1783BBCCAFE}.Debug|Any CPU.ActiveCfg = Debug|Any CPU
		{400B1242-571A-4DFF-B325-F1783BBCCAFE}.Debug|Any CPU.Build.0 = Debug|Any CPU
		{400B1242-571A-4DFF-B325-F1783BBCCAFE}.Release|Any CPU.ActiveCfg = Release|Any CPU
		{400B1242-571A-4DFF-B325-F1783BBCCAFE}.Release|Any CPU.Build.0 = Release|Any CPU
	EndGlobalSection
	GlobalSection(SolutionProperties) = preSolution
		HideSolutionNode = FALSE
	EndGlobalSection
	GlobalSection(ExtensibilityGlobals) = postSolution
		SolutionGuid = {B70A86A7-1031-4DC5-8223-A13813D9DB00}
	EndGlobalSection
EndGlobal
